
Microsoft Visual Studio Solution File, Format Version 12.00
# Visual Studio 15
VisualStudioVersion = 15.0.34112.143
MinimumVisualStudioVersion = 10.0.40219.1
Project("{FAE04EC0-301F-11D3-BF4B-00C04F79EFBC}") = "WebDoAnVienSinhHoc", "WebDoAnVienSinhHoc\WebDoAnVienSinhHoc.csproj", "{FAEE0AD8-C92E-4E6F-9065-D8F8EE759AF0}"
EndProject
Global
	GlobalSection(SolutionConfigurationPlatforms) = preSolution
		Debug|Any CPU = Debug|Any CPU
		Release|Any CPU = Release|Any CPU
	EndGlobalSection
	GlobalSection(ProjectConfigurationPlatforms) = postSolution
		{FAEE0AD8-C92E-4E6F-9065-D8F8EE759AF0}.Debug|Any CPU.ActiveCfg = Debug|Any CPU
		{FAEE0AD8-C92E-4E6F-9065-D8F8EE759AF0}.Debug|Any CPU.Build.0 = Debug|Any CPU
		{FAEE0AD8-C92E-4E6F-9065-D8F8EE759AF0}.Release|Any CPU.ActiveCfg = Release|Any CPU
		{FAEE0AD8-C92E-4E6F-9065-D8F8EE759AF0}.Release|Any CPU.Build.0 = Release|Any CPU
	EndGlobalSection
	GlobalSection(SolutionProperties) = preSolution
		HideSolutionNode = FALSE
	EndGlobalSection
	GlobalSection(ExtensibilityGlobals) = postSolution
		SolutionGuid = {4C6E167E-0B50-471D-B1E6-FACBCF529E75}
	EndGlobalSection
EndGlobal
